// !$*UTF8*$!
{
	archiveVersion = 1;
	classes = {
	};
	objectVersion = 50;
	objects = {

/* Begin PBXBuildFile section */
		1CDBE471225FCB88006560BA /* AppDelegate.swift in Sources */ = {isa = PBXBuildFile; fileRef = 1CDBE470225FCB88006560BA /* AppDelegate.swift */; };
		1CDBE473225FCB88006560BA /* ViewController.swift in Sources */ = {isa = PBXBuildFile; fileRef = 1CDBE472225FCB88006560BA /* ViewController.swift */; };
		1CDBE476225FCB88006560BA /* Main.storyboard in Resources */ = {isa = PBXBuildFile; fileRef = 1CDBE474225FCB88006560BA /* Main.storyboard */; };
		1CDBE479225FCB88006560BA /* WorkLifeBalance.xcdatamodeld in Sources */ = {isa = PBXBuildFile; fileRef = 1CDBE477225FCB88006560BA /* WorkLifeBalance.xcdatamodeld */; };
		1CDBE47B225FCB8E006560BA /* Assets.xcassets in Resources */ = {isa = PBXBuildFile; fileRef = 1CDBE47A225FCB8E006560BA /* Assets.xcassets */; };
		1CDBE47E225FCB8E006560BA /* LaunchScreen.storyboard in Resources */ = {isa = PBXBuildFile; fileRef = 1CDBE47C225FCB8E006560BA /* LaunchScreen.storyboard */; };
		1CDBE489225FCB8E006560BA /* WorkLifeBalanceTests.swift in Sources */ = {isa = PBXBuildFile; fileRef = 1CDBE488225FCB8E006560BA /* WorkLifeBalanceTests.swift */; };
		1CDBE494225FCB8E006560BA /* WorkLifeBalanceUITests.swift in Sources */ = {isa = PBXBuildFile; fileRef = 1CDBE493225FCB8E006560BA /* WorkLifeBalanceUITests.swift */; };
/* End PBXBuildFile section */

/* Begin PBXContainerItemProxy section */
		1CDBE485225FCB8E006560BA /* PBXContainerItemProxy */ = {
			isa = PBXContainerItemProxy;
			containerPortal = 1CDBE465225FCB88006560BA /* Project object */;
			proxyType = 1;
			remoteGlobalIDString = 1CDBE46C225FCB88006560BA;
			remoteInfo = WorkLifeBalance;
		};
		1CDBE490225FCB8E006560BA /* PBXContainerItemProxy */ = {
			isa = PBXContainerItemProxy;
			containerPortal = 1CDBE465225FCB88006560BA /* Project object */;
			proxyType = 1;
			remoteGlobalIDString = 1CDBE46C225FCB88006560BA;
			remoteInfo = WorkLifeBalance;
		};
/* End PBXContainerItemProxy section */

/* Begin PBXFileReference section */
		1CDBE46D225FCB88006560BA /* WorkLifeBalance.app */ = {isa = PBXFileReference; explicitFileType = wrapper.application; includeInIndex = 0; path = WorkLifeBalance.app; sourceTree = BUILT_PRODUCTS_DIR; };
		1CDBE470225FCB88006560BA /* AppDelegate.swift */ = {isa = PBXFileReference; lastKnownFileType = sourcecode.swift; path = AppDelegate.swift; sourceTree = "<group>"; };
		1CDBE472225FCB88006560BA /* ViewController.swift */ = {isa = PBXFileReference; lastKnownFileType = sourcecode.swift; path = ViewController.swift; sourceTree = "<group>"; };
		1CDBE475225FCB88006560BA /* Base */ = {isa = PBXFileReference; lastKnownFileType = file.storyboard; name = Base; path = Base.lproj/Main.storyboard; sourceTree = "<group>"; };
		1CDBE478225FCB88006560BA /* WorkLifeBalance.xcdatamodel */ = {isa = PBXFileReference; lastKnownFileType = wrapper.xcdatamodel; path = WorkLifeBalance.xcdatamodel; sourceTree = "<group>"; };
		1CDBE47A225FCB8E006560BA /* Assets.xcassets */ = {isa = PBXFileReference; lastKnownFileType = folder.assetcatalog; path = Assets.xcassets; sourceTree = "<group>"; };
		1CDBE47D225FCB8E006560BA /* Base */ = {isa = PBXFileReference; lastKnownFileType = file.storyboard; name = Base; path = Base.lproj/LaunchScreen.storyboard; sourceTree = "<group>"; };
		1CDBE47F225FCB8E006560BA /* Info.plist */ = {isa = PBXFileReference; lastKnownFileType = text.plist.xml; path = Info.plist; sourceTree = "<group>"; };
		1CDBE484225FCB8E006560BA /* WorkLifeBalanceTests.xctest */ = {isa = PBXFileReference; explicitFileType = wrapper.cfbundle; includeInIndex = 0; path = WorkLifeBalanceTests.xctest; sourceTree = BUILT_PRODUCTS_DIR; };
		1CDBE488225FCB8E006560BA /* WorkLifeBalanceTests.swift */ = {isa = PBXFileReference; lastKnownFileType = sourcecode.swift; path = WorkLifeBalanceTests.swift; sourceTree = "<group>"; };
		1CDBE48A225FCB8E006560BA /* Info.plist */ = {isa = PBXFileReference; lastKnownFileType = text.plist.xml; path = Info.plist; sourceTree = "<group>"; };
		1CDBE48F225FCB8E006560BA /* WorkLifeBalanceUITests.xctest */ = {isa = PBXFileReference; explicitFileType = wrapper.cfbundle; includeInIndex = 0; path = WorkLifeBalanceUITests.xctest; sourceTree = BUILT_PRODUCTS_DIR; };
		1CDBE493225FCB8E006560BA /* WorkLifeBalanceUITests.swift */ = {isa = PBXFileReference; lastKnownFileType = sourcecode.swift; path = WorkLifeBalanceUITests.swift; sourceTree = "<group>"; };
		1CDBE495225FCB8E006560BA /* Info.plist */ = {isa = PBXFileReference; lastKnownFileType = text.plist.xml; path = Info.plist; sourceTree = "<group>"; };
/* End PBXFileReference section */

/* Begin PBXFrameworksBuildPhase section */
		1CDBE46A225FCB88006560BA /* Frameworks */ = {
			isa = PBXFrameworksBuildPhase;
			buildActionMask = 2147483647;
			files = (
			);
			runOnlyForDeploymentPostprocessing = 0;
		};
		1CDBE481225FCB8E006560BA /* Frameworks */ = {
			isa = PBXFrameworksBuildPhase;
			buildActionMask = 2147483647;
			files = (
			);
			runOnlyForDeploymentPostprocessing = 0;
		};
		1CDBE48C225FCB8E006560BA /* Frameworks */ = {
			isa = PBXFrameworksBuildPhase;
			buildActionMask = 2147483647;
			files = (
			);
			runOnlyForDeploymentPostprocessing = 0;
		};
/* End PBXFrameworksBuildPhase section */

/* Begin PBXGroup section */
		1CDBE464225FCB88006560BA = {
			isa = PBXGroup;
			children = (
				1CDBE46F225FCB88006560BA /* WorkLifeBalance */,
				1CDBE487225FCB8E006560BA /* WorkLifeBalanceTests */,
				1CDBE492225FCB8E006560BA /* WorkLifeBalanceUITests */,
				1CDBE46E225FCB88006560BA /* Products */,
			);
			sourceTree = "<group>";
		};
		1CDBE46E225FCB88006560BA /* Products */ = {
			isa = PBXGroup;
			children = (
				1CDBE46D225FCB88006560BA /* WorkLifeBalance.app */,
				1CDBE484225FCB8E006560BA /* WorkLifeBalanceTests.xctest */,
				1CDBE48F225FCB8E006560BA /* WorkLifeBalanceUITests.xctest */,
			);
			name = Products;
			sourceTree = "<group>";
		};
		1CDBE46F225FCB88006560BA /* WorkLifeBalance */ = {
			isa = PBXGroup;
			children = (
				1CDBE470225FCB88006560BA /* AppDelegate.swift */,
				1CDBE472225FCB88006560BA /* ViewController.swift */,
				1CDBE474225FCB88006560BA /* Main.storyboard */,
				1CDBE47A225FCB8E006560BA /* Assets.xcassets */,
				1CDBE47C225FCB8E006560BA /* LaunchScreen.storyboard */,
				1CDBE47F225FCB8E006560BA /* Info.plist */,
				1CDBE477225FCB88006560BA /* WorkLifeBalance.xcdatamodeld */,
			);
			path = WorkLifeBalance;
			sourceTree = "<group>";
		};
		1CDBE487225FCB8E006560BA /* WorkLifeBalanceTests */ = {
			isa = PBXGroup;
			children = (
				1CDBE488225FCB8E006560BA /* WorkLifeBalanceTests.swift */,
				1CDBE48A225FCB8E006560BA /* Info.plist */,
			);
			path = WorkLifeBalanceTests;
			sourceTree = "<group>";
		};
		1CDBE492225FCB8E006560BA /* WorkLifeBalanceUITests */ = {
			isa = PBXGroup;
			children = (
				1CDBE493225FCB8E006560BA /* WorkLifeBalanceUITests.swift */,
				1CDBE495225FCB8E006560BA /* Info.plist */,
			);
			path = WorkLifeBalanceUITests;
			sourceTree = "<group>";
		};
/* End PBXGroup section */

/* Begin PBXNativeTarget section */
		1CDBE46C225FCB88006560BA /* WorkLifeBalance */ = {
			isa = PBXNativeTarget;
			buildConfigurationList = 1CDBE498225FCB8E006560BA /* Build configuration list for PBXNativeTarget "WorkLifeBalance" */;
			buildPhases = (
				1CDBE469225FCB88006560BA /* Sources */,
				1CDBE46A225FCB88006560BA /* Frameworks */,
				1CDBE46B225FCB88006560BA /* Resources */,
			);
			buildRules = (
			);
			dependencies = (
			);
			name = WorkLifeBalance;
			productName = WorkLifeBalance;
			productReference = 1CDBE46D225FCB88006560BA /* WorkLifeBalance.app */;
			productType = "com.apple.product-type.application";
		};
		1CDBE483225FCB8E006560BA /* WorkLifeBalanceTests */ = {
			isa = PBXNativeTarget;
			buildConfigurationList = 1CDBE49B225FCB8E006560BA /* Build configuration list for PBXNativeTarget "WorkLifeBalanceTests" */;
			buildPhases = (
				1CDBE480225FCB8E006560BA /* Sources */,
				1CDBE481225FCB8E006560BA /* Frameworks */,
				1CDBE482225FCB8E006560BA /* Resources */,
			);
			buildRules = (
			);
			dependencies = (
				1CDBE486225FCB8E006560BA /* PBXTargetDependency */,
			);
			name = WorkLifeBalanceTests;
			productName = WorkLifeBalanceTests;
			productReference = 1CDBE484225FCB8E006560BA /* WorkLifeBalanceTests.xctest */;
			productType = "com.apple.product-type.bundle.unit-test";
		};
		1CDBE48E225FCB8E006560BA /* WorkLifeBalanceUITests */ = {
			isa = PBXNativeTarget;
			buildConfigurationList = 1CDBE49E225FCB8E006560BA /* Build configuration list for PBXNativeTarget "WorkLifeBalanceUITests" */;
			buildPhases = (
				1CDBE48B225FCB8E006560BA /* Sources */,
				1CDBE48C225FCB8E006560BA /* Frameworks */,
				1CDBE48D225FCB8E006560BA /* Resources */,
			);
			buildRules = (
			);
			dependencies = (
				1CDBE491225FCB8E006560BA /* PBXTargetDependency */,
			);
			name = WorkLifeBalanceUITests;
			productName = WorkLifeBalanceUITests;
			productReference = 1CDBE48F225FCB8E006560BA /* WorkLifeBalanceUITests.xctest */;
			productType = "com.apple.product-type.bundle.ui-testing";
		};
/* End PBXNativeTarget section */

/* Begin PBXProject section */
		1CDBE465225FCB88006560BA /* Project object */ = {
			isa = PBXProject;
			attributes = {
				LastSwiftUpdateCheck = 1010;
				LastUpgradeCheck = 1010;
				ORGANIZATIONNAME = "nikita lalwani";
				TargetAttributes = {
					1CDBE46C225FCB88006560BA = {
						CreatedOnToolsVersion = 10.1;
					};
					1CDBE483225FCB8E006560BA = {
						CreatedOnToolsVersion = 10.1;
						TestTargetID = 1CDBE46C225FCB88006560BA;
					};
					1CDBE48E225FCB8E006560BA = {
						CreatedOnToolsVersion = 10.1;
						TestTargetID = 1CDBE46C225FCB88006560BA;
					};
				};
			};
			buildConfigurationList = 1CDBE468225FCB88006560BA /* Build configuration list for PBXProject "WorkLifeBalance" */;
			compatibilityVersion = "Xcode 9.3";
			developmentRegion = en;
			hasScannedForEncodings = 0;
			knownRegions = (
				en,
				Base,
			);
			mainGroup = 1CDBE464225FCB88006560BA;
			productRefGroup = 1CDBE46E225FCB88006560BA /* Products */;
			projectDirPath = "";
			projectRoot = "";
			targets = (
				1CDBE46C225FCB88006560BA /* WorkLifeBalance */,
				1CDBE483225FCB8E006560BA /* WorkLifeBalanceTests */,
				1CDBE48E225FCB8E006560BA /* WorkLifeBalanceUITests */,
			);
		};
/* End PBXProject section */

/* Begin PBXResourcesBuildPhase section */
		1CDBE46B225FCB88006560BA /* Resources */ = {
			isa = PBXResourcesBuildPhase;
			buildActionMask = 2147483647;
			files = (
				1CDBE47E225FCB8E006560BA /* LaunchScreen.storyboard in Resources */,
				1CDBE47B225FCB8E006560BA /* Assets.xcassets in Resources */,
				1CDBE476225FCB88006560BA /* Main.storyboard in Resources */,
			);
			runOnlyForDeploymentPostprocessing = 0;
		};
		1CDBE482225FCB8E006560BA /* Resources */ = {
			isa = PBXResourcesBuildPhase;
			buildActionMask = 2147483647;
			files = (
			);
			runOnlyForDeploymentPostprocessing = 0;
		};
		1CDBE48D225FCB8E006560BA /* Resources */ = {
			isa = PBXResourcesBuildPhase;
			buildActionMask = 2147483647;
			files = (
			);
			runOnlyForDeploymentPostprocessing = 0;
		};
/* End PBXResourcesBuildPhase section */

/* Begin PBXSourcesBuildPhase section */
		1CDBE469225FCB88006560BA /* Sources */ = {
			isa = PBXSourcesBuildPhase;
			buildActionMask = 2147483647;
			files = (
				1CDBE473225FCB88006560BA /* ViewController.swift in Sources */,
				1CDBE479225FCB88006560BA /* WorkLifeBalance.xcdatamodeld in Sources */,
				1CDBE471225FCB88006560BA /* AppDelegate.swift in Sources */,
			);
			runOnlyForDeploymentPostprocessing = 0;
		};
		1CDBE480225FCB8E006560BA /* Sources */ = {
			isa = PBXSourcesBuildPhase;
			buildActionMask = 2147483647;
			files = (
				1CDBE489225FCB8E006560BA /* WorkLifeBalanceTests.swift in Sources */,
			);
			runOnlyForDeploymentPostprocessing = 0;
		};
		1CDBE48B225FCB8E006560BA /* Sources */ = {
			isa = PBXSourcesBuildPhase;
			buildActionMask = 2147483647;
			files = (
				1CDBE494225FCB8E006560BA /* WorkLifeBalanceUITests.swift in Sources */,
			);
			runOnlyForDeploymentPostprocessing = 0;
		};
/* End PBXSourcesBuildPhase section */

/* Begin PBXTargetDependency section */
		1CDBE486225FCB8E006560BA /* PBXTargetDependency */ = {
			isa = PBXTargetDependency;
			target = 1CDBE46C225FCB88006560BA /* WorkLifeBalance */;
			targetProxy = 1CDBE485225FCB8E006560BA /* PBXContainerItemProxy */;
		};
		1CDBE491225FCB8E006560BA /* PBXTargetDependency */ = {
			isa = PBXTargetDependency;
			target = 1CDBE46C225FCB88006560BA /* WorkLifeBalance */;
			targetProxy = 1CDBE490225FCB8E006560BA /* PBXContainerItemProxy */;
		};
/* End PBXTargetDependency section */

/* Begin PBXVariantGroup section */
		1CDBE474225FCB88006560BA /* Main.storyboard */ = {
			isa = PBXVariantGroup;
			children = (
				1CDBE475225FCB88006560BA /* Base */,
			);
			name = Main.storyboard;
			sourceTree = "<group>";
		};
		1CDBE47C225FCB8E006560BA /* LaunchScreen.storyboard */ = {
			isa = PBXVariantGroup;
			children = (
				1CDBE47D225FCB8E006560BA /* Base */,
			);
			name = LaunchScreen.storyboard;
			sourceTree = "<group>";
		};
/* End PBXVariantGroup section */

/* Begin XCBuildConfiguration section */
		1CDBE496225FCB8E006560BA /* Debug */ = {
			isa = XCBuildConfiguration;
			buildSettings = {
				ALWAYS_SEARCH_USER_PATHS = NO;
				CLANG_ANALYZER_NONNULL = YES;
				CLANG_ANALYZER_NUMBER_OBJECT_CONVERSION = YES_AGGRESSIVE;
				CLANG_CXX_LANGUAGE_STANDARD = "gnu++14";
				CLANG_CXX_LIBRARY = "libc++";
				CLANG_ENABLE_MODULES = YES;
				CLANG_ENABLE_OBJC_ARC = YES;
				CLANG_ENABLE_OBJC_WEAK = YES;
				CLANG_WARN_BLOCK_CAPTURE_AUTORELEASING = YES;
				CLANG_WARN_BOOL_CONVERSION = YES;
				CLANG_WARN_COMMA = YES;
				CLANG_WARN_CONSTANT_CONVERSION = YES;
				CLANG_WARN_DEPRECATED_OBJC_IMPLEMENTATIONS = YES;
				CLANG_WARN_DIRECT_OBJC_ISA_USAGE = YES_ERROR;
				CLANG_WARN_DOCUMENTATION_COMMENTS = YES;
				CLANG_WARN_EMPTY_BODY = YES;
				CLANG_WARN_ENUM_CONVERSION = YES;
				CLANG_WARN_INFINITE_RECURSION = YES;
				CLANG_WARN_INT_CONVERSION = YES;
				CLANG_WARN_NON_LITERAL_NULL_CONVERSION = YES;
				CLANG_WARN_OBJC_IMPLICIT_RETAIN_SELF = YES;
				CLANG_WARN_OBJC_LITERAL_CONVERSION = YES;
				CLANG_WARN_OBJC_ROOT_CLASS = YES_ERROR;
				CLANG_WARN_RANGE_LOOP_ANALYSIS = YES;
				CLANG_WARN_STRICT_PROTOTYPES = YES;
				CLANG_WARN_SUSPICIOUS_MOVE = YES;
				CLANG_WARN_UNGUARDED_AVAILABILITY = YES_AGGRESSIVE;
				CLANG_WARN_UNREACHABLE_CODE = YES;
				CLANG_WARN__DUPLICATE_METHOD_MATCH = YES;
				CODE_SIGN_IDENTITY = "iPhone Developer";
				COPY_PHASE_STRIP = NO;
				DEBUG_INFORMATION_FORMAT = dwarf;
				ENABLE_STRICT_OBJC_MSGSEND = YES;
				ENABLE_TESTABILITY = YES;
				GCC_C_LANGUAGE_STANDARD = gnu11;
				GCC_DYNAMIC_NO_PIC = NO;
				GCC_NO_COMMON_BLOCKS = YES;
				GCC_OPTIMIZATION_LEVEL = 0;
				GCC_PREPROCESSOR_DEFINITIONS = (
					"DEBUG=1",
					"$(inherited)",
				);
				GCC_WARN_64_TO_32_BIT_CONVERSION = YES;
				GCC_WARN_ABOUT_RETURN_TYPE = YES_ERROR;
				GCC_WARN_UNDECLARED_SELECTOR = YES;
				GCC_WARN_UNINITIALIZED_AUTOS = YES_AGGRESSIVE;
				GCC_WARN_UNUSED_FUNCTION = YES;
				GCC_WARN_UNUSED_VARIABLE = YES;
				IPHONEOS_DEPLOYMENT_TARGET = 12.1;
				MTL_ENABLE_DEBUG_INFO = INCLUDE_SOURCE;
				MTL_FAST_MATH = YES;
				ONLY_ACTIVE_ARCH = YES;
				SDKROOT = iphoneos;
				SWIFT_ACTIVE_COMPILATION_CONDITIONS = DEBUG;
				SWIFT_OPTIMIZATION_LEVEL = "-Onone";
			};
			name = Debug;
		};
		1CDBE497225FCB8E006560BA /* Release */ = {
			isa = XCBuildConfiguration;
			buildSettings = {
				ALWAYS_SEARCH_USER_PATHS = NO;
				CLANG_ANALYZER_NONNULL = YES;
				CLANG_ANALYZER_NUMBER_OBJECT_CONVERSION = YES_AGGRESSIVE;
				CLANG_CXX_LANGUAGE_STANDARD = "gnu++14";
				CLANG_CXX_LIBRARY = "libc++";
				CLANG_ENABLE_MODULES = YES;
				CLANG_ENABLE_OBJC_ARC = YES;
				CLANG_ENABLE_OBJC_WEAK = YES;
				CLANG_WARN_BLOCK_CAPTURE_AUTORELEASING = YES;
				CLANG_WARN_BOOL_CONVERSION = YES;
				CLANG_WARN_COMMA = YES;
				CLANG_WARN_CONSTANT_CONVERSION = YES;
				CLANG_WARN_DEPRECATED_OBJC_IMPLEMENTATIONS = YES;
				CLANG_WARN_DIRECT_OBJC_ISA_USAGE = YES_ERROR;
				CLANG_WARN_DOCUMENTATION_COMMENTS = YES;
				CLANG_WARN_EMPTY_BODY = YES;
				CLANG_WARN_ENUM_CONVERSION = YES;
				CLANG_WARN_INFINITE_RECURSION = YES;
				CLANG_WARN_INT_CONVERSION = YES;
				CLANG_WARN_NON_LITERAL_NULL_CONVERSION = YES;
				CLANG_WARN_OBJC_IMPLICIT_RETAIN_SELF = YES;
				CLANG_WARN_OBJC_LITERAL_CONVERSION = YES;
				CLANG_WARN_OBJC_ROOT_CLASS = YES_ERROR;
				CLANG_WARN_RANGE_LOOP_ANALYSIS = YES;
				CLANG_WARN_STRICT_PROTOTYPES = YES;
				CLANG_WARN_SUSPICIOUS_MOVE = YES;
				CLANG_WARN_UNGUARDED_AVAILABILITY = YES_AGGRESSIVE;
				CLANG_WARN_UNREACHABLE_CODE = YES;
				CLANG_WARN__DUPLICATE_METHOD_MATCH = YES;
				CODE_SIGN_IDENTITY = "iPhone Developer";
				COPY_PHASE_STRIP = NO;
				DEBUG_INFORMATION_FORMAT = "dwarf-with-dsym";
				ENABLE_NS_ASSERTIONS = NO;
				ENABLE_STRICT_OBJC_MSGSEND = YES;
				GCC_C_LANGUAGE_STANDARD = gnu11;
				GCC_NO_COMMON_BLOCKS = YES;
				GCC_WARN_64_TO_32_BIT_CONVERSION = YES;
				GCC_WARN_ABOUT_RETURN_TYPE = YES_ERROR;
				GCC_WARN_UNDECLARED_SELECTOR = YES;
				GCC_WARN_UNINITIALIZED_AUTOS = YES_AGGRESSIVE;
				GCC_WARN_UNUSED_FUNCTION = YES;
				GCC_WARN_UNUSED_VARIABLE = YES;
				IPHONEOS_DEPLOYMENT_TARGET = 12.1;
				MTL_ENABLE_DEBUG_INFO = NO;
				MTL_FAST_MATH = YES;
				SDKROOT = iphoneos;
				SWIFT_COMPILATION_MODE = wholemodule;
				SWIFT_OPTIMIZATION_LEVEL = "-O";
				VALIDATE_PRODUCT = YES;
			};
			name = Release;
		};
		1CDBE499225FCB8E006560BA /* Debug */ = {
			isa = XCBuildConfiguration;
			buildSettings = {
				ASSETCATALOG_COMPILER_APPICON_NAME = AppIcon;
				CODE_SIGN_STYLE = Automatic;
				DEVELOPMENT_TEAM = T8E228Z7TT;
				INFOPLIST_FILE = WorkLifeBalance/Info.plist;
				LD_RUNPATH_SEARCH_PATHS = (
					"$(inherited)",
					"@executable_path/Frameworks",
				);
				PRODUCT_BUNDLE_IDENTIFIER = com.nikitalalwani.WorkLifeBalance;
				PRODUCT_NAME = "$(TARGET_NAME)";
				SWIFT_VERSION = 4.2;
				TARGETED_DEVICE_FAMILY = "1,2";
			};
			name = Debug;
		};
		1CDBE49A225FCB8E006560BA /* Release */ = {
			isa = XCBuildConfiguration;
			buildSettings = {
				ASSETCATALOG_COMPILER_APPICON_NAME = AppIcon;
				CODE_SIGN_STYLE = Automatic;
				DEVELOPMENT_TEAM = T8E228Z7TT;
				INFOPLIST_FILE = WorkLifeBalance/Info.plist;
				LD_RUNPATH_SEARCH_PATHS = (
					"$(inherited)",
					"@executable_path/Frameworks",
				);
				PRODUCT_BUNDLE_IDENTIFIER = com.nikitalalwani.WorkLifeBalance;
				PRODUCT_NAME = "$(TARGET_NAME)";
				SWIFT_VERSION = 4.2;
				TARGETED_DEVICE_FAMILY = "1,2";
			};
			name = Release;
		};
		1CDBE49C225FCB8E006560BA /* Debug */ = {
			isa = XCBuildConfiguration;
			buildSettings = {
				ALWAYS_EMBED_SWIFT_STANDARD_LIBRARIES = YES;
				BUNDLE_LOADER = "$(TEST_HOST)";
				CODE_SIGN_STYLE = Automatic;
				DEVELOPMENT_TEAM = T8E228Z7TT;
				INFOPLIST_FILE = WorkLifeBalanceTests/Info.plist;
				LD_RUNPATH_SEARCH_PATHS = (
					"$(inherited)",
					"@executable_path/Frameworks",
					"@loader_path/Frameworks",
				);
				PRODUCT_BUNDLE_IDENTIFIER = com.nikitalalwani.WorkLifeBalanceTests;
				PRODUCT_NAME = "$(TARGET_NAME)";
				SWIFT_VERSION = 4.2;
				TARGETED_DEVICE_FAMILY = "1,2";
				TEST_HOST = "$(BUILT_PRODUCTS_DIR)/WorkLifeBalance.app/WorkLifeBalance";
			};
			name = Debug;
		};
		1CDBE49D225FCB8E006560BA /* Release */ = {
			isa = XCBuildConfiguration;
			buildSettings = {
				ALWAYS_EMBED_SWIFT_STANDARD_LIBRARIES = YES;
				BUNDLE_LOADER = "$(TEST_HOST)";
				CODE_SIGN_STYLE = Automatic;
				DEVELOPMENT_TEAM = T8E228Z7TT;
				INFOPLIST_FILE = WorkLifeBalanceTests/Info.plist;
				LD_RUNPATH_SEARCH_PATHS = (
					"$(inherited)",
					"@executable_path/Frameworks",
					"@loader_path/Frameworks",
				);
				PRODUCT_BUNDLE_IDENTIFIER = com.nikitalalwani.WorkLifeBalanceTests;
				PRODUCT_NAME = "$(TARGET_NAME)";
				SWIFT_VERSION = 4.2;
				TARGETED_DEVICE_FAMILY = "1,2";
				TEST_HOST = "$(BUILT_PRODUCTS_DIR)/WorkLifeBalance.app/WorkLifeBalance";
			};
			name = Release;
		};
		1CDBE49F225FCB8E006560BA /* Debug */ = {
			isa = XCBuildConfiguration;
			buildSettings = {
				ALWAYS_EMBED_SWIFT_STANDARD_LIBRARIES = YES;
				CODE_SIGN_STYLE = Automatic;
				DEVELOPMENT_TEAM = T8E228Z7TT;
				INFOPLIST_FILE = WorkLifeBalanceUITests/Info.plist;
				LD_RUNPATH_SEARCH_PATHS = (
					"$(inherited)",
					"@executable_path/Frameworks",
					"@loader_path/Frameworks",
				);
				PRODUCT_BUNDLE_IDENTIFIER = com.nikitalalwani.WorkLifeBalanceUITests;
				PRODUCT_NAME = "$(TARGET_NAME)";
				SWIFT_VERSION = 4.2;
				TARGETED_DEVICE_FAMILY = "1,2";
				TEST_TARGET_NAME = WorkLifeBalance;
			};
			name = Debug;
		};
		1CDBE4A0225FCB8E006560BA /* Release */ = {
			isa = XCBuildConfiguration;
			buildSettings = {
				ALWAYS_EMBED_SWIFT_STANDARD_LIBRARIES = YES;
				CODE_SIGN_STYLE = Automatic;
				DEVELOPMENT_TEAM = T8E228Z7TT;
				INFOPLIST_FILE = WorkLifeBalanceUITests/Info.plist;
				LD_RUNPATH_SEARCH_PATHS = (
					"$(inherited)",
					"@executable_path/Frameworks",
					"@loader_path/Frameworks",
				);
				PRODUCT_BUNDLE_IDENTIFIER = com.nikitalalwani.WorkLifeBalanceUITests;
				PRODUCT_NAME = "$(TARGET_NAME)";
				SWIFT_VERSION = 4.2;
				TARGETED_DEVICE_FAMILY = "1,2";
				TEST_TARGET_NAME = WorkLifeBalance;
			};
			name = Release;
		};
/* End XCBuildConfiguration section */

/* Begin XCConfigurationList section */
		1CDBE468225FCB88006560BA /* Build configuration list for PBXProject "WorkLifeBalance" */ = {
			isa = XCConfigurationList;
			buildConfigurations = (
				1CDBE496225FCB8E006560BA /* Debug */,
				1CDBE497225FCB8E006560BA /* Release */,
			);
			defaultConfigurationIsVisible = 0;
			defaultConfigurationName = Release;
		};
		1CDBE498225FCB8E006560BA /* Build configuration list for PBXNativeTarget "WorkLifeBalance" */ = {
			isa = XCConfigurationList;
			buildConfigurations = (
				1CDBE499225FCB8E006560BA /* Debug */,
				1CDBE49A225FCB8E006560BA /* Release */,
			);
			defaultConfigurationIsVisible = 0;
			defaultConfigurationName = Release;
		};
		1CDBE49B225FCB8E006560BA /* Build configuration list for PBXNativeTarget "WorkLifeBalanceTests" */ = {
			isa = XCConfigurationList;
			buildConfigurations = (
				1CDBE49C225FCB8E006560BA /* Debug */,
				1CDBE49D225FCB8E006560BA /* Release */,
			);
			defaultConfigurationIsVisible = 0;
			defaultConfigurationName = Release;
		};
		1CDBE49E225FCB8E006560BA /* Build configuration list for PBXNativeTarget "WorkLifeBalanceUITests" */ = {
			isa = XCConfigurationList;
			buildConfigurations = (
				1CDBE49F225FCB8E006560BA /* Debug */,
				1CDBE4A0225FCB8E006560BA /* Release */,
			);
			defaultConfigurationIsVisible = 0;
			defaultConfigurationName = Release;
		};
/* End XCConfigurationList section */

/* Begin XCVersionGroup section */
		1CDBE477225FCB88006560BA /* WorkLifeBalance.xcdatamodeld */ = {
			isa = XCVersionGroup;
			children = (
				1CDBE478225FCB88006560BA /* WorkLifeBalance.xcdatamodel */,
			);
			currentVersion = 1CDBE478225FCB88006560BA /* WorkLifeBalance.xcdatamodel */;
			path = WorkLifeBalance.xcdatamodeld;
			sourceTree = "<group>";
			versionGroupType = wrapper.xcdatamodel;
		};
/* End XCVersionGroup section */
	};
	rootObject = 1CDBE465225FCB88006560BA /* Project object */;
}
